Microsoft Visual Studio Solution File, Format Version 12.00
# Visual Studio Version 17
VisualStudioVersion = 17.5.2.0
MinimumVisualStudioVersion = 10.0.40219.1
Project("{FAE04EC0-301F-11D3-BF4B-00C04F79EFBC}") = "PTJ.Api", "PTJ.Api.csproj", "{68662E26-22D6-D543-8F1F-A52A3FA339FD}"
EndProject
Global
	GlobalSection(SolutionConfigurationPlatforms) = preSolution
		Debug|Any CPU = Debug|Any CPU
		Release|Any CPU = Release|Any CPU
	EndGlobalSection
	GlobalSection(ProjectConfigurationPlatforms) = postSolution
		{68662E26-22D6-D543-8F1F-A52A3FA339FD}.Debug|Any CPU.ActiveCfg = Debug|Any CPU
		{68662E26-22D6-D543-8F1F-A52A3FA339FD}.Debug|Any CPU.Build.0 = Debug|Any CPU
		{68662E26-22D6-D543-8F1F-A52A3FA339FD}.Release|Any CPU.ActiveCfg = Release|Any CPU
		{68662E26-22D6-D543-8F1F-A52A3FA339FD}.Release|Any CPU.Build.0 = Release|Any CPU
	EndGlobalSection
	GlobalSection(SolutionProperties) = preSolution
		HideSolutionNode = FALSE
	EndGlobalSection
	GlobalSection(ExtensibilityGlobals) = postSolution
		SolutionGuid = {16A31717-505B-41FB-9183-A0FE77C90F68}
	EndGlobalSection
EndGlobal
